// !$*UTF8*$!
{
	archiveVersion = 1;
	classes = {
	};
	objectVersion = 56;
	objects = {

/* Begin PBXBuildFile section */
		B7C6B7E32B004B95000E4C59 /* instagramApp.swift in Sources */ = {isa = PBXBuildFile; fileRef = B7C6B7E22B004B95000E4C59 /* instagramApp.swift */; };
		B7C6B7E52B004B95000E4C59 /* ContentView.swift in Sources */ = {isa = PBXBuildFile; fileRef = B7C6B7E42B004B95000E4C59 /* ContentView.swift */; };
		B7C6B7E72B004B96000E4C59 /* Assets.xcassets in Resources */ = {isa = PBXBuildFile; fileRef = B7C6B7E62B004B96000E4C59 /* Assets.xcassets */; };
		B7C6B7EA2B004B96000E4C59 /* Preview Assets.xcassets in Resources */ = {isa = PBXBuildFile; fileRef = B7C6B7E92B004B96000E4C59 /* Preview Assets.xcassets */; };
		B7C6B7FD2B004E77000E4C59 /* MainTabView.swift in Sources */ = {isa = PBXBuildFile; fileRef = B7C6B7FC2B004E77000E4C59 /* MainTabView.swift */; };
		B7C6B7FF2B005080000E4C59 /* ProfileView.swift in Sources */ = {isa = PBXBuildFile; fileRef = B7C6B7FE2B005080000E4C59 /* ProfileView.swift */; };
		B7C6B8022B005EDD000E4C59 /* UserStatView.swift in Sources */ = {isa = PBXBuildFile; fileRef = B7C6B8012B005EDD000E4C59 /* UserStatView.swift */; };
		B7C6B8042B0065A2000E4C59 /* FeedCell.swift in Sources */ = {isa = PBXBuildFile; fileRef = B7C6B8032B0065A2000E4C59 /* FeedCell.swift */; };
		B7C6B8062B006A40000E4C59 /* FeedView.swift in Sources */ = {isa = PBXBuildFile; fileRef = B7C6B8052B006A40000E4C59 /* FeedView.swift */; };
		B7C6B8082B006F14000E4C59 /* SearchView.swift in Sources */ = {isa = PBXBuildFile; fileRef = B7C6B8072B006F14000E4C59 /* SearchView.swift */; };
/* End PBXBuildFile section */

/* Begin PBXFileReference section */
		B7C6B7DF2B004B95000E4C59 /* instagram.app */ = {isa = PBXFileReference; explicitFileType = wrapper.application; includeInIndex = 0; path = instagram.app; sourceTree = BUILT_PRODUCTS_DIR; };
		B7C6B7E22B004B95000E4C59 /* instagramApp.swift */ = {isa = PBXFileReference; lastKnownFileType = sourcecode.swift; path = instagramApp.swift; sourceTree = "<group>"; };
		B7C6B7E42B004B95000E4C59 /* ContentView.swift */ = {isa = PBXFileReference; lastKnownFileType = sourcecode.swift; path = ContentView.swift; sourceTree = "<group>"; };
		B7C6B7E62B004B96000E4C59 /* Assets.xcassets */ = {isa = PBXFileReference; lastKnownFileType = folder.assetcatalog; path = Assets.xcassets; sourceTree = "<group>"; };
		B7C6B7E92B004B96000E4C59 /* Preview Assets.xcassets */ = {isa = PBXFileReference; lastKnownFileType = folder.assetcatalog; path = "Preview Assets.xcassets"; sourceTree = "<group>"; };
		B7C6B7FC2B004E77000E4C59 /* MainTabView.swift */ = {isa = PBXFileReference; lastKnownFileType = sourcecode.swift; path = MainTabView.swift; sourceTree = "<group>"; };
		B7C6B7FE2B005080000E4C59 /* ProfileView.swift */ = {isa = PBXFileReference; lastKnownFileType = sourcecode.swift; path = ProfileView.swift; sourceTree = "<group>"; };
		B7C6B8012B005EDD000E4C59 /* UserStatView.swift */ = {isa = PBXFileReference; lastKnownFileType = sourcecode.swift; path = UserStatView.swift; sourceTree = "<group>"; };
		B7C6B8032B0065A2000E4C59 /* FeedCell.swift */ = {isa = PBXFileReference; lastKnownFileType = sourcecode.swift; path = FeedCell.swift; sourceTree = "<group>"; };
		B7C6B8052B006A40000E4C59 /* FeedView.swift */ = {isa = PBXFileReference; lastKnownFileType = sourcecode.swift; path = FeedView.swift; sourceTree = "<group>"; };
		B7C6B8072B006F14000E4C59 /* SearchView.swift */ = {isa = PBXFileReference; lastKnownFileType = sourcecode.swift; path = SearchView.swift; sourceTree = "<group>"; };
/* End PBXFileReference section */

/* Begin PBXFrameworksBuildPhase section */
		B7C6B7DC2B004B95000E4C59 /* Frameworks */ = {
			isa = PBXFrameworksBuildPhase;
			buildActionMask = 2147483647;
			files = (
			);
			runOnlyForDeploymentPostprocessing = 0;
		};
/* End PBXFrameworksBuildPhase section */

/* Begin PBXGroup section */
		B7C6B7D62B004B94000E4C59 = {
			isa = PBXGroup;
			children = (
				B7C6B7E12B004B95000E4C59 /* instagram */,
				B7C6B7E02B004B95000E4C59 /* Products */,
			);
			sourceTree = "<group>";
		};
		B7C6B7E02B004B95000E4C59 /* Products */ = {
			isa = PBXGroup;
			children = (
				B7C6B7DF2B004B95000E4C59 /* instagram.app */,
			);
			name = Products;
			sourceTree = "<group>";
		};
		B7C6B7E12B004B95000E4C59 /* instagram */ = {
			isa = PBXGroup;
			children = (
				B7C6B7F42B004C68000E4C59 /* App */,
				B7C6B7F32B004C47000E4C59 /* Core */,
				B7C6B7F22B004C45000E4C59 /* Extensions */,
				B7C6B7F12B004C42000E4C59 /* Model */,
				B7C6B7F02B004C3C000E4C59 /* Services */,
				B7C6B7E42B004B95000E4C59 /* ContentView.swift */,
				B7C6B7E62B004B96000E4C59 /* Assets.xcassets */,
				B7C6B7E82B004B96000E4C59 /* Preview Content */,
			);
			path = instagram;
			sourceTree = "<group>";
		};
		B7C6B7E82B004B96000E4C59 /* Preview Content */ = {
			isa = PBXGroup;
			children = (
				B7C6B7E92B004B96000E4C59 /* Preview Assets.xcassets */,
			);
			path = "Preview Content";
			sourceTree = "<group>";
		};
		B7C6B7F02B004C3C000E4C59 /* Services */ = {
			isa = PBXGroup;
			children = (
			);
			path = Services;
			sourceTree = "<group>";
		};
		B7C6B7F12B004C42000E4C59 /* Model */ = {
			isa = PBXGroup;
			children = (
			);
			path = Model;
			sourceTree = "<group>";
		};
		B7C6B7F22B004C45000E4C59 /* Extensions */ = {
			isa = PBXGroup;
			children = (
			);
			path = Extensions;
			sourceTree = "<group>";
		};
		B7C6B7F32B004C47000E4C59 /* Core */ = {
			isa = PBXGroup;
			children = (
				B7C6B8002B005EA8000E4C59 /* Components */,
				B7C6B7FB2B004E10000E4C59 /* TabBar */,
				B7C6B7FA2B004E01000E4C59 /* UploadPost */,
				B7C6B7F92B004DC5000E4C59 /* Search */,
				B7C6B7F82B004DB2000E4C59 /* Root */,
				B7C6B7F72B004DAA000E4C59 /* Profile */,
				B7C6B7F62B004D8E000E4C59 /* Feed */,
				B7C6B7F52B004D61000E4C59 /* Authentication */,
			);
			path = Core;
			sourceTree = "<group>";
		};
		B7C6B7F42B004C68000E4C59 /* App */ = {
			isa = PBXGroup;
			children = (
				B7C6B7E22B004B95000E4C59 /* instagramApp.swift */,
			);
			path = App;
			sourceTree = "<group>";
		};
		B7C6B7F52B004D61000E4C59 /* Authentication */ = {
			isa = PBXGroup;
			children = (
			);
			path = Authentication;
			sourceTree = "<group>";
		};
		B7C6B7F62B004D8E000E4C59 /* Feed */ = {
			isa = PBXGroup;
			children = (
				B7C6B8032B0065A2000E4C59 /* FeedCell.swift */,
				B7C6B8052B006A40000E4C59 /* FeedView.swift */,
			);
			path = Feed;
			sourceTree = "<group>";
		};
		B7C6B7F72B004DAA000E4C59 /* Profile */ = {
			isa = PBXGroup;
			children = (
				B7C6B7FE2B005080000E4C59 /* ProfileView.swift */,
			);
			path = Profile;
			sourceTree = "<group>";
		};
		B7C6B7F82B004DB2000E4C59 /* Root */ = {
			isa = PBXGroup;
			children = (
			);
			path = Root;
			sourceTree = "<group>";
		};
		B7C6B7F92B004DC5000E4C59 /* Search */ = {
			isa = PBXGroup;
			children = (
				B7C6B8072B006F14000E4C59 /* SearchView.swift */,
			);
			path = Search;
			sourceTree = "<group>";
		};
		B7C6B7FA2B004E01000E4C59 /* UploadPost */ = {
			isa = PBXGroup;
			children = (
			);
			path = UploadPost;
			sourceTree = "<group>";
		};
		B7C6B7FB2B004E10000E4C59 /* TabBar */ = {
			isa = PBXGroup;
			children = (
				B7C6B7FC2B004E77000E4C59 /* MainTabView.swift */,
			);
			path = TabBar;
			sourceTree = "<group>";
		};
		B7C6B8002B005EA8000E4C59 /* Components */ = {
			isa = PBXGroup;
			children = (
				B7C6B8012B005EDD000E4C59 /* UserStatView.swift */,
			);
			path = Components;
			sourceTree = "<group>";
		};
/* End PBXGroup section */

/* Begin PBXNativeTarget section */
		B7C6B7DE2B004B95000E4C59 /* instagram */ = {
			isa = PBXNativeTarget;
			buildConfigurationList = B7C6B7ED2B004B96000E4C59 /* Build configuration list for PBXNativeTarget "instagram" */;
			buildPhases = (
				B7C6B7DB2B004B95000E4C59 /* Sources */,
				B7C6B7DC2B004B95000E4C59 /* Frameworks */,
				B7C6B7DD2B004B95000E4C59 /* Resources */,
			);
			buildRules = (
			);
			dependencies = (
			);
			name = instagram;
			productName = instagram;
			productReference = B7C6B7DF2B004B95000E4C59 /* instagram.app */;
			productType = "com.apple.product-type.application";
		};
/* End PBXNativeTarget section */

/* Begin PBXProject section */
		B7C6B7D72B004B94000E4C59 /* Project object */ = {
			isa = PBXProject;
			attributes = {
				BuildIndependentTargetsInParallel = 1;
				LastSwiftUpdateCheck = 1430;
				LastUpgradeCheck = 1430;
				TargetAttributes = {
					B7C6B7DE2B004B95000E4C59 = {
						CreatedOnToolsVersion = 14.3.1;
					};
				};
			};
			buildConfigurationList = B7C6B7DA2B004B94000E4C59 /* Build configuration list for PBXProject "instagram" */;
			compatibilityVersion = "Xcode 14.0";
			developmentRegion = en;
			hasScannedForEncodings = 0;
			knownRegions = (
				en,
				Base,
			);
			mainGroup = B7C6B7D62B004B94000E4C59;
			productRefGroup = B7C6B7E02B004B95000E4C59 /* Products */;
			projectDirPath = "";
			projectRoot = "";
			targets = (
				B7C6B7DE2B004B95000E4C59 /* instagram */,
			);
		};
/* End PBXProject section */

/* Begin PBXResourcesBuildPhase section */
		B7C6B7DD2B004B95000E4C59 /* Resources */ = {
			isa = PBXResourcesBuildPhase;
			buildActionMask = 2147483647;
			files = (
				B7C6B7EA2B004B96000E4C59 /* Preview Assets.xcassets in Resources */,
				B7C6B7E72B004B96000E4C59 /* Assets.xcassets in Resources */,
			);
			runOnlyForDeploymentPostprocessing = 0;
		};
/* End PBXResourcesBuildPhase section */

/* Begin PBXSourcesBuildPhase section */
		B7C6B7DB2B004B95000E4C59 /* Sources */ = {
			isa = PBXSourcesBuildPhase;
			buildActionMask = 2147483647;
			files = (
				B7C6B8062B006A40000E4C59 /* FeedView.swift in Sources */,
				B7C6B7FF2B005080000E4C59 /* ProfileView.swift in Sources */,
				B7C6B7E52B004B95000E4C59 /* ContentView.swift in Sources */,
				B7C6B7E32B004B95000E4C59 /* instagramApp.swift in Sources */,
				B7C6B8082B006F14000E4C59 /* SearchView.swift in Sources */,
				B7C6B8022B005EDD000E4C59 /* UserStatView.swift in Sources */,
				B7C6B7FD2B004E77000E4C59 /* MainTabView.swift in Sources */,
				B7C6B8042B0065A2000E4C59 /* FeedCell.swift in Sources */,
			);
			runOnlyForDeploymentPostprocessing = 0;
		};
/* End PBXSourcesBuildPhase section */

/* Begin XCBuildConfiguration section */
		B7C6B7EB2B004B96000E4C59 /* Debug */ = {
			isa = XCBuildConfiguration;
			buildSettings = {
				ALWAYS_SEARCH_USER_PATHS = NO;
				CLANG_ANALYZER_NONNULL = YES;
				CLANG_ANALYZER_NUMBER_OBJECT_CONVERSION = YES_AGGRESSIVE;
				CLANG_CXX_LANGUAGE_STANDARD = "gnu++20";
				CLANG_ENABLE_MODULES = YES;
				CLANG_ENABLE_OBJC_ARC = YES;
				CLANG_ENABLE_OBJC_WEAK = YES;
				CLANG_WARN_BLOCK_CAPTURE_AUTORELEASING = YES;
				CLANG_WARN_BOOL_CONVERSION = YES;
				CLANG_WARN_COMMA = YES;
				CLANG_WARN_CONSTANT_CONVERSION = YES;
				CLANG_WARN_DEPRECATED_OBJC_IMPLEMENTATIONS = YES;
				CLANG_WARN_DIRECT_OBJC_ISA_USAGE = YES_ERROR;
				CLANG_WARN_DOCUMENTATION_COMMENTS = YES;
				CLANG_WARN_EMPTY_BODY = YES;
				CLANG_WARN_ENUM_CONVERSION = YES;
				CLANG_WARN_INFINITE_RECURSION = YES;
				CLANG_WARN_INT_CONVERSION = YES;
				CLANG_WARN_NON_LITERAL_NULL_CONVERSION = YES;
				CLANG_WARN_OBJC_IMPLICIT_RETAIN_SELF = YES;
				CLANG_WARN_OBJC_LITERAL_CONVERSION = YES;
				CLANG_WARN_OBJC_ROOT_CLASS = YES_ERROR;
				CLANG_WARN_QUOTED_INCLUDE_IN_FRAMEWORK_HEADER = YES;
				CLANG_WARN_RANGE_LOOP_ANALYSIS = YES;
				CLANG_WARN_STRICT_PROTOTYPES = YES;
				CLANG_WARN_SUSPICIOUS_MOVE = YES;
				CLANG_WARN_UNGUARDED_AVAILABILITY = YES_AGGRESSIVE;
				CLANG_WARN_UNREACHABLE_CODE = YES;
				CLANG_WARN__DUPLICATE_METHOD_MATCH = YES;
				COPY_PHASE_STRIP = NO;
				DEBUG_INFORMATION_FORMAT = dwarf;
				ENABLE_STRICT_OBJC_MSGSEND = YES;
				ENABLE_TESTABILITY = YES;
				GCC_C_LANGUAGE_STANDARD = gnu11;
				GCC_DYNAMIC_NO_PIC = NO;
				GCC_NO_COMMON_BLOCKS = YES;
				GCC_OPTIMIZATION_LEVEL = 0;
				GCC_PREPROCESSOR_DEFINITIONS = (
					"DEBUG=1",
					"$(inherited)",
				);
				GCC_WARN_64_TO_32_BIT_CONVERSION = YES;
				GCC_WARN_ABOUT_RETURN_TYPE = YES_ERROR;
				GCC_WARN_UNDECLARED_SELECTOR = YES;
				GCC_WARN_UNINITIALIZED_AUTOS = YES_AGGRESSIVE;
				GCC_WARN_UNUSED_FUNCTION = YES;
				GCC_WARN_UNUSED_VARIABLE = YES;
				IPHONEOS_DEPLOYMENT_TARGET = 16.4;
				MTL_ENABLE_DEBUG_INFO = INCLUDE_SOURCE;
				MTL_FAST_MATH = YES;
				ONLY_ACTIVE_ARCH = YES;
				SDKROOT = iphoneos;
				SWIFT_ACTIVE_COMPILATION_CONDITIONS = DEBUG;
				SWIFT_OPTIMIZATION_LEVEL = "-Onone";
			};
			name = Debug;
		};
		B7C6B7EC2B004B96000E4C59 /* Release */ = {
			isa = XCBuildConfiguration;
			buildSettings = {
				ALWAYS_SEARCH_USER_PATHS = NO;
				CLANG_ANALYZER_NONNULL = YES;
				CLANG_ANALYZER_NUMBER_OBJECT_CONVERSION = YES_AGGRESSIVE;
				CLANG_CXX_LANGUAGE_STANDARD = "gnu++20";
				CLANG_ENABLE_MODULES = YES;
				CLANG_ENABLE_OBJC_ARC = YES;
				CLANG_ENABLE_OBJC_WEAK = YES;
				CLANG_WARN_BLOCK_CAPTURE_AUTORELEASING = YES;
				CLANG_WARN_BOOL_CONVERSION = YES;
				CLANG_WARN_COMMA = YES;
				CLANG_WARN_CONSTANT_CONVERSION = YES;
				CLANG_WARN_DEPRECATED_OBJC_IMPLEMENTATIONS = YES;
				CLANG_WARN_DIRECT_OBJC_ISA_USAGE = YES_ERROR;
				CLANG_WARN_DOCUMENTATION_COMMENTS = YES;
				CLANG_WARN_EMPTY_BODY = YES;
				CLANG_WARN_ENUM_CONVERSION = YES;
				CLANG_WARN_INFINITE_RECURSION = YES;
				CLANG_WARN_INT_CONVERSION = YES;
				CLANG_WARN_NON_LITERAL_NULL_CONVERSION = YES;
				CLANG_WARN_OBJC_IMPLICIT_RETAIN_SELF = YES;
				CLANG_WARN_OBJC_LITERAL_CONVERSION = YES;
				CLANG_WARN_OBJC_ROOT_CLASS = YES_ERROR;
				CLANG_WARN_QUOTED_INCLUDE_IN_FRAMEWORK_HEADER = YES;
				CLANG_WARN_RANGE_LOOP_ANALYSIS = YES;
				CLANG_WARN_STRICT_PROTOTYPES = YES;
				CLANG_WARN_SUSPICIOUS_MOVE = YES;
				CLANG_WARN_UNGUARDED_AVAILABILITY = YES_AGGRESSIVE;
				CLANG_WARN_UNREACHABLE_CODE = YES;
				CLANG_WARN__DUPLICATE_METHOD_MATCH = YES;
				COPY_PHASE_STRIP = NO;
				DEBUG_INFORMATION_FORMAT = "dwarf-with-dsym";
				ENABLE_NS_ASSERTIONS = NO;
				ENABLE_STRICT_OBJC_MSGSEND = YES;
				GCC_C_LANGUAGE_STANDARD = gnu11;
				GCC_NO_COMMON_BLOCKS = YES;
				GCC_WARN_64_TO_32_BIT_CONVERSION = YES;
				GCC_WARN_ABOUT_RETURN_TYPE = YES_ERROR;
				GCC_WARN_UNDECLARED_SELECTOR = YES;
				GCC_WARN_UNINITIALIZED_AUTOS = YES_AGGRESSIVE;
				GCC_WARN_UNUSED_FUNCTION = YES;
				GCC_WARN_UNUSED_VARIABLE = YES;
				IPHONEOS_DEPLOYMENT_TARGET = 16.4;
				MTL_ENABLE_DEBUG_INFO = NO;
				MTL_FAST_MATH = YES;
				SDKROOT = iphoneos;
				SWIFT_COMPILATION_MODE = wholemodule;
				SWIFT_OPTIMIZATION_LEVEL = "-O";
				VALIDATE_PRODUCT = YES;
			};
			name = Release;
		};
		B7C6B7EE2B004B96000E4C59 /* Debug */ = {
			isa = XCBuildConfiguration;
			buildSettings = {
				ASSETCATALOG_COMPILER_APPICON_NAME = AppIcon;
				ASSETCATALOG_COMPILER_GLOBAL_ACCENT_COLOR_NAME = AccentColor;
				CODE_SIGN_STYLE = Automatic;
				CURRENT_PROJECT_VERSION = 1;
				DEVELOPMENT_ASSET_PATHS = "\"instagram/Preview Content\"";
				ENABLE_PREVIEWS = YES;
				GENERATE_INFOPLIST_FILE = YES;
				INFOPLIST_KEY_UIApplicationSceneManifest_Generation = YES;
				INFOPLIST_KEY_UIApplicationSupportsIndirectInputEvents = YES;
				INFOPLIST_KEY_UILaunchScreen_Generation = YES;
				INFOPLIST_KEY_UISupportedInterfaceOrientations_iPad = "UIInterfaceOrientationPortrait UIInterfaceOrientationPortraitUpsideDown UIInterfaceOrientationLandscapeLeft UIInterfaceOrientationLandscapeRight";
				INFOPLIST_KEY_UISupportedInterfaceOrientations_iPhone = "UIInterfaceOrientationPortrait UIInterfaceOrientationLandscapeLeft UIInterfaceOrientationLandscapeRight";
				LD_RUNPATH_SEARCH_PATHS = (
					"$(inherited)",
					"@executable_path/Frameworks",
				);
				MARKETING_VERSION = 1.0;
				PRODUCT_BUNDLE_IDENTIFIER = cibertec.edu.pe.instagram;
				PRODUCT_NAME = "$(TARGET_NAME)";
				SWIFT_EMIT_LOC_STRINGS = YES;
				SWIFT_VERSION = 5.0;
				TARGETED_DEVICE_FAMILY = "1,2";
			};
			name = Debug;
		};
		B7C6B7EF2B004B96000E4C59 /* Release */ = {
			isa = XCBuildConfiguration;
			buildSettings = {
				ASSETCATALOG_COMPILER_APPICON_NAME = AppIcon;
				ASSETCATALOG_COMPILER_GLOBAL_ACCENT_COLOR_NAME = AccentColor;
				CODE_SIGN_STYLE = Automatic;
				CURRENT_PROJECT_VERSION = 1;
				DEVELOPMENT_ASSET_PATHS = "\"instagram/Preview Content\"";
				ENABLE_PREVIEWS = YES;
				GENERATE_INFOPLIST_FILE = YES;
				INFOPLIST_KEY_UIApplicationSceneManifest_Generation = YES;
				INFOPLIST_KEY_UIApplicationSupportsIndirectInputEvents = YES;
				INFOPLIST_KEY_UILaunchScreen_Generation = YES;
				INFOPLIST_KEY_UISupportedInterfaceOrientations_iPad = "UIInterfaceOrientationPortrait UIInterfaceOrientationPortraitUpsideDown UIInterfaceOrientationLandscapeLeft UIInterfaceOrientationLandscapeRight";
				INFOPLIST_KEY_UISupportedInterfaceOrientations_iPhone = "UIInterfaceOrientationPortrait UIInterfaceOrientationLandscapeLeft UIInterfaceOrientationLandscapeRight";
				LD_RUNPATH_SEARCH_PATHS = (
					"$(inherited)",
					"@executable_path/Frameworks",
				);
				MARKETING_VERSION = 1.0;
				PRODUCT_BUNDLE_IDENTIFIER = cibertec.edu.pe.instagram;
				PRODUCT_NAME = "$(TARGET_NAME)";
				SWIFT_EMIT_LOC_STRINGS = YES;
				SWIFT_VERSION = 5.0;
				TARGETED_DEVICE_FAMILY = "1,2";
			};
			name = Release;
		};
/* End XCBuildConfiguration section */

/* Begin XCConfigurationList section */
		B7C6B7DA2B004B94000E4C59 /* Build configuration list for PBXProject "instagram" */ = {
			isa = XCConfigurationList;
			buildConfigurations = (
				B7C6B7EB2B004B96000E4C59 /* Debug */,
				B7C6B7EC2B004B96000E4C59 /* Release */,
			);
			defaultConfigurationIsVisible = 0;
			defaultConfigurationName = Release;
		};
		B7C6B7ED2B004B96000E4C59 /* Build configuration list for PBXNativeTarget "instagram" */ = {
			isa = XCConfigurationList;
			buildConfigurations = (
				B7C6B7EE2B004B96000E4C59 /* Debug */,
				B7C6B7EF2B004B96000E4C59 /* Release */,
			);
			defaultConfigurationIsVisible = 0;
			defaultConfigurationName = Release;
		};
/* End XCConfigurationList section */
	};
	rootObject = B7C6B7D72B004B94000E4C59 /* Project object */;
}
